
Microsoft Visual Studio Solution File, Format Version 12.00
# Visual Studio 15
VisualStudioVersion = 15.0.27004.2006
MinimumVisualStudioVersion = 10.0.40219.1
Project("{FAE04EC0-301F-11D3-BF4B-00C04F79EFBC}") = "HW0201", "HW0201\HW0201.csproj", "{CA64DA25-4066-4271-8C55-7AFB37F7569E}"
EndProject
Global
	GlobalSection(SolutionConfigurationPlatforms) = preSolution
		Debug|Any CPU = Debug|Any CPU
		Release|Any CPU = Release|Any CPU
	EndGlobalSection
	GlobalSection(ProjectConfigurationPlatforms) = postSolution
		{CA64DA25-4066-4271-8C55-7AFB37F7569E}.Debug|Any CPU.ActiveCfg = Debug|Any CPU
		{CA64DA25-4066-4271-8C55-7AFB37F7569E}.Debug|Any CPU.Build.0 = Debug|Any CPU
		{CA64DA25-4066-4271-8C55-7AFB37F7569E}.Release|Any CPU.ActiveCfg = Release|Any CPU
		{CA64DA25-4066-4271-8C55-7AFB37F7569E}.Release|Any CPU.Build.0 = Release|Any CPU
	EndGlobalSection
	GlobalSection(SolutionProperties) = preSolution
		HideSolutionNode = FALSE
	EndGlobalSection
	GlobalSection(ExtensibilityGlobals) = postSolution
		SolutionGuid = {96410E0B-B971-4701-8B1E-4433260433C9}
	EndGlobalSection
EndGlobal
